
Microsoft Visual Studio Solution File, Format Version 12.00
# Visual Studio 15
VisualStudioVersion = 15.0.28307.136
MinimumVisualStudioVersion = 10.0.40219.1
Project("{9A19103F-16F7-4668-BE54-9A1E7A4F7556}") = "DiscordJifBot", "DiscordJifBot\DiscordJifBot.csproj", "{3AE33EDC-FDFE-4E55-BBED-31B0550A3D8F}"
EndProject
Project("{FAE04EC0-301F-11D3-BF4B-00C04F79EFBC}") = "Common", "Common\Common.csproj", "{ED0296DE-8ACA-48BD-BE42-8879C57A7E56}"
EndProject
Project("{FAE04EC0-301F-11D3-BF4B-00C04F79EFBC}") = "JiphyLibrary", "JiphyLibrary\JiphyLibrary.csproj", "{9A4AEDF6-C7C9-413B-87A8-3D05B90F814F}"
EndProject
Global
	GlobalSection(SolutionConfigurationPlatforms) = preSolution
		Debug|Any CPU = Debug|Any CPU
		Release|Any CPU = Release|Any CPU
	EndGlobalSection
	GlobalSection(ProjectConfigurationPlatforms) = postSolution
		{3AE33EDC-FDFE-4E55-BBED-31B0550A3D8F}.Debug|Any CPU.ActiveCfg = Debug|Any CPU
		{3AE33EDC-FDFE-4E55-BBED-31B0550A3D8F}.Debug|Any CPU.Build.0 = Debug|Any CPU
		{3AE33EDC-FDFE-4E55-BBED-31B0550A3D8F}.Release|Any CPU.ActiveCfg = Release|Any CPU
		{3AE33EDC-FDFE-4E55-BBED-31B0550A3D8F}.Release|Any CPU.Build.0 = Release|Any CPU
		{ED0296DE-8ACA-48BD-BE42-8879C57A7E56}.Debug|Any CPU.ActiveCfg = Debug|Any CPU
		{ED0296DE-8ACA-48BD-BE42-8879C57A7E56}.Debug|Any CPU.Build.0 = Debug|Any CPU
		{ED0296DE-8ACA-48BD-BE42-8879C57A7E56}.Release|Any CPU.ActiveCfg = Release|Any CPU
		{ED0296DE-8ACA-48BD-BE42-8879C57A7E56}.Release|Any CPU.Build.0 = Release|Any CPU
		{9A4AEDF6-C7C9-413B-87A8-3D05B90F814F}.Debug|Any CPU.ActiveCfg = Debug|Any CPU
		{9A4AEDF6-C7C9-413B-87A8-3D05B90F814F}.Debug|Any CPU.Build.0 = Debug|Any CPU
		{9A4AEDF6-C7C9-413B-87A8-3D05B90F814F}.Release|Any CPU.ActiveCfg = Release|Any CPU
		{9A4AEDF6-C7C9-413B-87A8-3D05B90F814F}.Release|Any CPU.Build.0 = Release|Any CPU
	EndGlobalSection
	GlobalSection(SolutionProperties) = preSolution
		HideSolutionNode = FALSE
	EndGlobalSection
	GlobalSection(ExtensibilityGlobals) = postSolution
		SolutionGuid = {8EB95515-7A2B-43D6-922F-0AC1E289E389}
	EndGlobalSection
EndGlobal
