
Microsoft Visual Studio Solution File, Format Version 12.00
# Visual Studio Version 16
VisualStudioVersion = 16.0.28803.202
MinimumVisualStudioVersion = 10.0.40219.1
Project("{9A19103F-16F7-4668-BE54-9A1E7A4F7556}") = "DiscordJifBot", "DiscordJifBot\DiscordJifBot.csproj", "{3AE33EDC-FDFE-4E55-BBED-31B0550A3D8F}"
EndProject
Project("{9A19103F-16F7-4668-BE54-9A1E7A4F7556}") = "Common", "Common\Common.csproj", "{ED0296DE-8ACA-48BD-BE42-8879C57A7E56}"
EndProject
Project("{9A19103F-16F7-4668-BE54-9A1E7A4F7556}") = "DiscordJifBot.Tests", "DiscordJifBot.Tests\DiscordJifBot.Tests.csproj", "{BF1410E3-E440-47B3-BC5C-F6EDB57B39FE}"
EndProject
Global
	GlobalSection(SolutionConfigurationPlatforms) = preSolution
		Debug|Any CPU = Debug|Any CPU
		Release|Any CPU = Release|Any CPU
	EndGlobalSection
	GlobalSection(ProjectConfigurationPlatforms) = postSolution
		{3AE33EDC-FDFE-4E55-BBED-31B0550A3D8F}.Debug|Any CPU.ActiveCfg = Debug|Any CPU
		{3AE33EDC-FDFE-4E55-BBED-31B0550A3D8F}.Debug|Any CPU.Build.0 = Debug|Any CPU
		{3AE33EDC-FDFE-4E55-BBED-31B0550A3D8F}.Release|Any CPU.ActiveCfg = Release|Any CPU
		{3AE33EDC-FDFE-4E55-BBED-31B0550A3D8F}.Release|Any CPU.Build.0 = Release|Any CPU
		{ED0296DE-8ACA-48BD-BE42-8879C57A7E56}.Debug|Any CPU.ActiveCfg = Debug|Any CPU
		{ED0296DE-8ACA-48BD-BE42-8879C57A7E56}.Debug|Any CPU.Build.0 = Debug|Any CPU
		{ED0296DE-8ACA-48BD-BE42-8879C57A7E56}.Release|Any CPU.ActiveCfg = Release|Any CPU
		{ED0296DE-8ACA-48BD-BE42-8879C57A7E56}.Release|Any CPU.Build.0 = Release|Any CPU
		{BF1410E3-E440-47B3-BC5C-F6EDB57B39FE}.Debug|Any CPU.ActiveCfg = Debug|Any CPU
		{BF1410E3-E440-47B3-BC5C-F6EDB57B39FE}.Debug|Any CPU.Build.0 = Debug|Any CPU
		{BF1410E3-E440-47B3-BC5C-F6EDB57B39FE}.Release|Any CPU.ActiveCfg = Release|Any CPU
		{BF1410E3-E440-47B3-BC5C-F6EDB57B39FE}.Release|Any CPU.Build.0 = Release|Any CPU
	EndGlobalSection
	GlobalSection(SolutionProperties) = preSolution
		HideSolutionNode = FALSE
	EndGlobalSection
	GlobalSection(ExtensibilityGlobals) = postSolution
		SolutionGuid = {8EB95515-7A2B-43D6-922F-0AC1E289E389}
	EndGlobalSection
EndGlobal
